
Microsoft Visual Studio Solution File, Format Version 12.00
# Visual Studio Version 17
VisualStudioVersion = 17.3.32819.101
MinimumVisualStudioVersion = 10.0.40219.1
Project("{FAE04EC0-301F-11D3-BF4B-00C04F79EFBC}") = "PetsShop", "PetsShop\PetsShop.csproj", "{706E0105-E076-41CD-B22A-8BBC48F6A7C0}"
EndProject
Global
	GlobalSection(SolutionConfigurationPlatforms) = preSolution
		Debug|Any CPU = Debug|Any CPU
		Release|Any CPU = Release|Any CPU
	EndGlobalSection
	GlobalSection(ProjectConfigurationPlatforms) = postSolution
		{706E0105-E076-41CD-B22A-8BBC48F6A7C0}.Debug|Any CPU.ActiveCfg = Debug|Any CPU
		{706E0105-E076-41CD-B22A-8BBC48F6A7C0}.Debug|Any CPU.Build.0 = Debug|Any CPU
		{706E0105-E076-41CD-B22A-8BBC48F6A7C0}.Release|Any CPU.ActiveCfg = Release|Any CPU
		{706E0105-E076-41CD-B22A-8BBC48F6A7C0}.Release|Any CPU.Build.0 = Release|Any CPU
	EndGlobalSection
	GlobalSection(SolutionProperties) = preSolution
		HideSolutionNode = FALSE
	EndGlobalSection
	GlobalSection(ExtensibilityGlobals) = postSolution
		SolutionGuid = {6BC9F21D-2785-4C77-B78F-3C42A8AA5C34}
	EndGlobalSection
EndGlobal
